
Microsoft Visual Studio Solution File, Format Version 12.00
# Visual Studio Version 17
VisualStudioVersion = 17.10.34928.147
MinimumVisualStudioVersion = 10.0.40219.1
Project("{FAE04EC0-301F-11D3-BF4B-00C04F79EFBC}") = "Cadastro", "Cadastro.csproj", "{0FA7B77F-F8A5-42A7-B0CB-902999B95EDC}"
EndProject
Project("{FAE04EC0-301F-11D3-BF4B-00C04F79EFBC}") = "CadastroTests", "..\CadastroTests\CadastroTests.csproj", "{2736C018-BCEC-4C0F-B196-597F85E73BF4}"
EndProject
Global
	GlobalSection(SolutionConfigurationPlatforms) = preSolution
		Debug|Any CPU = Debug|Any CPU
		Release|Any CPU = Release|Any CPU
	EndGlobalSection
	GlobalSection(ProjectConfigurationPlatforms) = postSolution
		{0FA7B77F-F8A5-42A7-B0CB-902999B95EDC}.Debug|Any CPU.ActiveCfg = Debug|Any CPU
		{0FA7B77F-F8A5-42A7-B0CB-902999B95EDC}.Debug|Any CPU.Build.0 = Debug|Any CPU
		{0FA7B77F-F8A5-42A7-B0CB-902999B95EDC}.Release|Any CPU.ActiveCfg = Release|Any CPU
		{0FA7B77F-F8A5-42A7-B0CB-902999B95EDC}.Release|Any CPU.Build.0 = Release|Any CPU
		{2736C018-BCEC-4C0F-B196-597F85E73BF4}.Debug|Any CPU.ActiveCfg = Debug|Any CPU
		{2736C018-BCEC-4C0F-B196-597F85E73BF4}.Debug|Any CPU.Build.0 = Debug|Any CPU
		{2736C018-BCEC-4C0F-B196-597F85E73BF4}.Release|Any CPU.ActiveCfg = Release|Any CPU
		{2736C018-BCEC-4C0F-B196-597F85E73BF4}.Release|Any CPU.Build.0 = Release|Any CPU
	EndGlobalSection
	GlobalSection(SolutionProperties) = preSolution
		HideSolutionNode = FALSE
	EndGlobalSection
	GlobalSection(ExtensibilityGlobals) = postSolution
		SolutionGuid = {7643826E-0ACD-4630-84C2-D8C7941A95D7}
	EndGlobalSection
EndGlobal
